
Microsoft Visual Studio Solution File, Format Version 12.00
# Visual Studio Version 16
VisualStudioVersion = 16.0.29709.97
MinimumVisualStudioVersion = 10.0.40219.1
Project("{FAE04EC0-301F-11D3-BF4B-00C04F79EFBC}") = "MarsRover", "MarsRover\MarsRover.csproj", "{05AB61F0-F94C-41EE-927F-5A2CD3509FE3}"
EndProject
Global
	GlobalSection(SolutionConfigurationPlatforms) = preSolution
		Debug|Any CPU = Debug|Any CPU
		Release|Any CPU = Release|Any CPU
	EndGlobalSection
	GlobalSection(ProjectConfigurationPlatforms) = postSolution
		{05AB61F0-F94C-41EE-927F-5A2CD3509FE3}.Debug|Any CPU.ActiveCfg = Debug|Any CPU
		{05AB61F0-F94C-41EE-927F-5A2CD3509FE3}.Debug|Any CPU.Build.0 = Debug|Any CPU
		{05AB61F0-F94C-41EE-927F-5A2CD3509FE3}.Release|Any CPU.ActiveCfg = Release|Any CPU
		{05AB61F0-F94C-41EE-927F-5A2CD3509FE3}.Release|Any CPU.Build.0 = Release|Any CPU
	EndGlobalSection
	GlobalSection(SolutionProperties) = preSolution
		HideSolutionNode = FALSE
	EndGlobalSection
	GlobalSection(ExtensibilityGlobals) = postSolution
		SolutionGuid = {0548BE13-746C-41A0-9548-26776CF9B513}
	EndGlobalSection
EndGlobal
